
Microsoft Visual Studio Solution File, Format Version 12.00
# Visual Studio 2012
Project("{FAE04EC0-301F-11D3-BF4B-00C04F79EFBC}") = "Parsing.Linq", "Parsing.Linq\Parsing.Linq.csproj", "{BA56ECFE-B174-4A5F-9964-58A89B2BBA3D}"
EndProject
Project("{FAE04EC0-301F-11D3-BF4B-00C04F79EFBC}") = "Parsing.Linq.Test", "Parsing.Linq.Test\Parsing.Linq.Test.csproj", "{ECAE4B91-8778-4C9F-9298-AA1D6374BEA8}"
EndProject
Project("{FAE04EC0-301F-11D3-BF4B-00C04F79EFBC}") = "Parsing.Linq.Roslyn", "Parsing.Linq.Roslyn\Parsing.Linq.Roslyn.csproj", "{9B803013-4673-49F8-8F87-79E4D983EDB5}"
EndProject
Project("{FAE04EC0-301F-11D3-BF4B-00C04F79EFBC}") = "Parsing.Linq.Roslyn.Test", "Parsing.Linq.Roslyn.Test\Parsing.Linq.Roslyn.Test.csproj", "{2DD53D63-4063-4967-8BD2-8977F3750A4B}"
EndProject
Global
	GlobalSection(SolutionConfigurationPlatforms) = preSolution
		Debug|Any CPU = Debug|Any CPU
		Release|Any CPU = Release|Any CPU
	EndGlobalSection
	GlobalSection(ProjectConfigurationPlatforms) = postSolution
		{BA56ECFE-B174-4A5F-9964-58A89B2BBA3D}.Debug|Any CPU.ActiveCfg = Debug|Any CPU
		{BA56ECFE-B174-4A5F-9964-58A89B2BBA3D}.Debug|Any CPU.Build.0 = Debug|Any CPU
		{BA56ECFE-B174-4A5F-9964-58A89B2BBA3D}.Release|Any CPU.ActiveCfg = Release|Any CPU
		{BA56ECFE-B174-4A5F-9964-58A89B2BBA3D}.Release|Any CPU.Build.0 = Release|Any CPU
		{ECAE4B91-8778-4C9F-9298-AA1D6374BEA8}.Debug|Any CPU.ActiveCfg = Debug|Any CPU
		{ECAE4B91-8778-4C9F-9298-AA1D6374BEA8}.Debug|Any CPU.Build.0 = Debug|Any CPU
		{ECAE4B91-8778-4C9F-9298-AA1D6374BEA8}.Release|Any CPU.ActiveCfg = Release|Any CPU
		{ECAE4B91-8778-4C9F-9298-AA1D6374BEA8}.Release|Any CPU.Build.0 = Release|Any CPU
		{9B803013-4673-49F8-8F87-79E4D983EDB5}.Debug|Any CPU.ActiveCfg = Debug|Any CPU
		{9B803013-4673-49F8-8F87-79E4D983EDB5}.Debug|Any CPU.Build.0 = Debug|Any CPU
		{9B803013-4673-49F8-8F87-79E4D983EDB5}.Release|Any CPU.ActiveCfg = Release|Any CPU
		{9B803013-4673-49F8-8F87-79E4D983EDB5}.Release|Any CPU.Build.0 = Release|Any CPU
		{2DD53D63-4063-4967-8BD2-8977F3750A4B}.Debug|Any CPU.ActiveCfg = Debug|Any CPU
		{2DD53D63-4063-4967-8BD2-8977F3750A4B}.Debug|Any CPU.Build.0 = Debug|Any CPU
		{2DD53D63-4063-4967-8BD2-8977F3750A4B}.Release|Any CPU.ActiveCfg = Release|Any CPU
		{2DD53D63-4063-4967-8BD2-8977F3750A4B}.Release|Any CPU.Build.0 = Release|Any CPU
	EndGlobalSection
	GlobalSection(SolutionProperties) = preSolution
		HideSolutionNode = FALSE
	EndGlobalSection
EndGlobal
